github.com/spacecowboytobykty123/bucketProto v0.0.0-20250525081919-0fda62c74faf h1:vlNMTkUgOPQB+TJOMLTee3JeW8p7ScWkFhIzSY1wWb8=
github.com/spacecowboytobykty123/bucketProto v0.0.0-20250525081919-0fda62c74faf/go.mod h1:q1iRX+HdjK1q9EE6DewG70kmu7Ixau5lO5waSdDjCho=
github.com/spacecowboytobykty123/subsProto v0.0.0-20250505075737-e9cf8b49621e h1:hlb7ZSaOJyG+EdhzzXPC22+wAfjv9B5VLCp+h8B18sM=
github.com/spacecowboytobykty123/subsProto v0.0.0-20250505075737-e9cf8b49621e/go.mod h1:9Qzyp4fyBySkoMFzF8UlWjFEI/7K0aRIHYf7EqfE53s=
